
Microsoft Visual Studio Solution File, Format Version 12.00
# Visual Studio Version 17
VisualStudioVersion = 17.3.32825.248
MinimumVisualStudioVersion = 10.0.40219.1
Project("{FAE04EC0-301F-11D3-BF4B-00C04F79EFBC}") = "G12_20220915", "G12_20220915\G12_20220915.csproj", "{8EDC79D4-C461-44BA-AA84-F91669C41332}"
EndProject
Global
	GlobalSection(SolutionConfigurationPlatforms) = preSolution
		Debug|Any CPU = Debug|Any CPU
		Release|Any CPU = Release|Any CPU
	EndGlobalSection
	GlobalSection(ProjectConfigurationPlatforms) = postSolution
		{8EDC79D4-C461-44BA-AA84-F91669C41332}.Debug|Any CPU.ActiveCfg = Debug|Any CPU
		{8EDC79D4-C461-44BA-AA84-F91669C41332}.Debug|Any CPU.Build.0 = Debug|Any CPU
		{8EDC79D4-C461-44BA-AA84-F91669C41332}.Release|Any CPU.ActiveCfg = Release|Any CPU
		{8EDC79D4-C461-44BA-AA84-F91669C41332}.Release|Any CPU.Build.0 = Release|Any CPU
	EndGlobalSection
	GlobalSection(SolutionProperties) = preSolution
		HideSolutionNode = FALSE
	EndGlobalSection
	GlobalSection(ExtensibilityGlobals) = postSolution
		SolutionGuid = {A268D267-A6ED-4EEB-9AF5-4ED1E0499DF6}
	EndGlobalSection
EndGlobal
